
Microsoft Visual Studio Solution File, Format Version 12.00
# Visual Studio 15
VisualStudioVersion = 15.0.28010.2050
MinimumVisualStudioVersion = 10.0.40219.1
Project("{FAE04EC0-301F-11D3-BF4B-00C04F79EFBC}") = "PerformanceComparison", "PerformanceComparison\PerformanceComparison.csproj", "{1CEE3945-2A9D-4B5E-ADC2-18980CA31236}"
EndProject
Global
	GlobalSection(SolutionConfigurationPlatforms) = preSolution
		Debug|Any CPU = Debug|Any CPU
		Release|Any CPU = Release|Any CPU
	EndGlobalSection
	GlobalSection(ProjectConfigurationPlatforms) = postSolution
		{1CEE3945-2A9D-4B5E-ADC2-18980CA31236}.Debug|Any CPU.ActiveCfg = Debug|Any CPU
		{1CEE3945-2A9D-4B5E-ADC2-18980CA31236}.Debug|Any CPU.Build.0 = Debug|Any CPU
		{1CEE3945-2A9D-4B5E-ADC2-18980CA31236}.Release|Any CPU.ActiveCfg = Release|Any CPU
		{1CEE3945-2A9D-4B5E-ADC2-18980CA31236}.Release|Any CPU.Build.0 = Release|Any CPU
	EndGlobalSection
	GlobalSection(SolutionProperties) = preSolution
		HideSolutionNode = FALSE
	EndGlobalSection
	GlobalSection(ExtensibilityGlobals) = postSolution
		SolutionGuid = {A205D31E-244D-427C-9FC2-5C0A0D9D6F2D}
	EndGlobalSection
EndGlobal
